// !$*UTF8*$!
{
  archiveVersion = 1;
  classes = {
  };
  objectVersion = 56;
  objects = {

    /* Begin PBXBuildFile section */
    8F4C631DA70EB952 /* ContentView.swift in Sources */ = {isa = PBXBuildFile; fileRef = C35A40B9F1DE7628; };
    F6580B41C9237EAD /* ScanManager.swift in Sources */ = {isa = PBXBuildFile; fileRef = 0F61738ED42AC95B; };
    13A208B74956EFDC /* ScanData.swift in Sources */ = {isa = PBXBuildFile; fileRef = 73E5D84AF21B0C69; };
    F6A49BD3257108CE /* ARScanView.swift in Sources */ = {isa = PBXBuildFile; fileRef = B60D1F93AC24758E; };
    ECB3A07548126F9D /* WelcomeView.swift in Sources */ = {isa = PBXBuildFile; fileRef = 5A306F71DE9284BC; };
    046A9FBD1C285E37 /* ScanResultsView.swift in Sources */ = {isa = PBXBuildFile; fileRef = F06715A29834BECD; };
    F81B574D29E306CA /* README.md in Sources */ = {isa = PBXBuildFile; fileRef = 283BC796D50AE1F4; };
    C2F1958AE76B0D43 /* FeatureDetector.swift in Sources */ = {isa = PBXBuildFile; fileRef = 914B5302C6FA87ED; };
    956438CB217F0DAE /* FloorPlanGenerator.swift in Sources */ = {isa = PBXBuildFile; fileRef = D07F136A42B5E89C; };
    79EB40CA68F1D235 /* Extensions.swift in Sources */ = {isa = PBXBuildFile; fileRef = 284EBA1F93D0C756; };
    37250C48ABF196ED /* FloorPlanView.swift in Sources */ = {isa = PBXBuildFile; fileRef = 17B82C356F40EA9D; };
    2614E78CD035B9AF /* ExportOptionsView.swift in Sources */ = {isa = PBXBuildFile; fileRef = 7E4B53AD29106F8C; };
    E5F2094CDB37A186 /* App.swift in Sources */ = {isa = PBXBuildFile; fileRef = F6BC071549283ADE; };
    25DA83FEC714096B /* ScanningProgressView.swift in Sources */ = {isa = PBXBuildFile; fileRef = 30B5F9ADC74E1682; };
    62FD19780E35C4AB /* MeasurementCard.swift in Sources */ = {isa = PBXBuildFile; fileRef = 10964E7C5ADF3B28; };
    7014DA9CF8526B3E /* FeatureListView.swift in Sources */ = {isa = PBXBuildFile; fileRef = 32D6E10F5CB48A79; };
    E73925CD6108AFB4 /* ScanningInstructionsView.swift in Sources */ = {isa = PBXBuildFile; fileRef = 0E5AB1CF2374D698; };
    D10937AC425BF6E8 /* ErrorView.swift in Sources */ = {isa = PBXBuildFile; fileRef = 4960FE8BA52D1C37; };
    05C1326A4F987BDE /* CardStyle.swift in Sources */ = {isa = PBXBuildFile; fileRef = 7DB3A5F2418C690E; };
    45FBAC82973D601E /* codemagic.yaml in Sources */ = {isa = PBXBuildFile; fileRef = 97B684D321CF5A0E; };
    A6BCF0ED18279435 /* ScanDataStorage.swift in Sources */ = {isa = PBXBuildFile; fileRef = 0195FBA7ED6C2834; };
    2694B173CF5A08DE /* CM_PROVISIONING_PROFILE # Reference to your uploaded provisioning profile in Sources */ = {isa = PBXBuildFile; fileRef = 0D89B351A4627CEF; };
    93210BDA8F475EC6 /* ExportOptions.plist in Sources */ = {isa = PBXBuildFile; fileRef = 0CE8457129A63BFD; };
    34091BCA2F5DE786 /* codemagic-automatic.yaml in Sources */ = {isa = PBXBuildFile; fileRef = CFA852197E40D36B; };
    EC1D065F9823A47B /* ExportOptionsAutomatic.plist in Sources */ = {isa = PBXBuildFile; fileRef = 72FEB3D519A8C406; };
    BE43ACD16075928F /* Info.plist in Sources */ = {isa = PBXBuildFile; fileRef = 3275F0DE81B9A46C; };
    0E1CBD293A45678F /* LiDARScannerWidget.swift in Sources */ = {isa = PBXBuildFile; fileRef = 321958C67A0EF4DB; };
    35BFA1D0CE674928 /* LiDARScannerWidgetBundle.swift in Sources */ = {isa = PBXBuildFile; fileRef = 03DE4B9C125F76A8; };
    C62B08149DE73AF5 /* WidgetConfiguration.json in Sources */ = {isa = PBXBuildFile; fileRef = 01B4ED65FCA23987; };
    0D6E541B8C27F93A /* WidgetDataManager.swift in Sources */ = {isa = PBXBuildFile; fileRef = 21F905BC38A746ED; };
    0AE7649C3DB1852F /* Assets.xcassets in Sources */ = {isa = PBXBuildFile; fileRef = C29F348AED51706B; };
    D6724C5AB309FE81 /* WidgetViews.swift in Sources */ = {isa = PBXBuildFile; fileRef = D5ABF79483CE2610; };
    E43D1F589C706BA2 /* WidgetComponents.swift in Sources */ = {isa = PBXBuildFile; fileRef = D758E9C10A4236FB; };
    39EB2651AF7C084D /* URLSchemeHandler.swift in Sources */ = {isa = PBXBuildFile; fileRef = E52D98314FA07B6C; };
    2B73C5410E6F9D8A /* codemagic-setup-guide.md in Sources */ = {isa = PBXBuildFile; fileRef = 6109EF5D87C2B3A4; };
    51F6927E08A3B4CD /* codemagic-fixed.yaml in Sources */ = {isa = PBXBuildFile; fileRef = 20B93F7A846EC51D; };
    3D2EF54BC8716A09 /* AppStoreConnectSetup.json in Sources */ = {isa = PBXBuildFile; fileRef = 01A298D34BCE567F; };
    F29B1760AD54CE38 /* CodemagicSetupGuide.md in Sources */ = {isa = PBXBuildFile; fileRef = FD91B5E8063C4A27; };
    C0716B9D2E35A84F /* BundleIDSetupGuide.md in Sources */ = {isa = PBXBuildFile; fileRef = 5237AF89CB1460DE; };
    901AC2D86F7B345E /* CodemagicTroubleshooting.json in Sources */ = {isa = PBXBuildFile; fileRef = F05B724DAC38E916; };
    CEA045F1D732B896 /* AppStoreConnectSetup.md in Sources */ = {isa = PBXBuildFile; fileRef = 4680BEC51DF39A72; };
    69405BCAD1782F3E /* codemagic-custom-bundle.yaml in Sources */ = {isa = PBXBuildFile; fileRef = CBA9876543210DFE; };
    02A4EB63CF57D918 /* codemagic-apple-sample.yaml in Sources */ = {isa = PBXBuildFile; fileRef = CA40159FD8732B6E; };
    4EABC1208637FD95 /* DeveloperAccountCheck.json in Sources */ = {isa = PBXBuildFile; fileRef = 1E2D3789564AC0FB; };
    07B4C51689AD32EF /* CreateUseIphoneTests.swift in Sources */ = {isa = PBXBuildFile; fileRef = B06978DCEA15423F; };
    F45C3261B097AE8D /* CreateUseIphoneUITests.swift in Sources */ = {isa = PBXBuildFile; fileRef = D2C8491B5F3AE706; };
    DA17932CB06854EF /* SwiftUI.framework in Frameworks */ = {isa = PBXBuildFile; fileRef = ABF071D589E6C234; };
    /* End PBXBuildFile section */

    /* Begin PBXFileReference section */
    6EABF5873C02D419 /* CreateUseIphone.app */ = {isa = PBXFileReference; explicitFileType = wrapper.application; includeInIndex = 0; path = "CreateUseIphone.app"; sourceTree = BUILT_PRODUCTS_DIR; };
    C35A40B9F1DE7628 /* ContentView.swift */ = {isa = PBXFileReference; lastKnownFileType = sourcecode.swift; path = "ContentView.swift"; sourceTree = "<group>"; };
    0F61738ED42AC95B /* ScanManager.swift */ = {isa = PBXFileReference; lastKnownFileType = sourcecode.swift; path = "ScanManager.swift"; sourceTree = "<group>"; };
    73E5D84AF21B0C69 /* ScanData.swift */ = {isa = PBXFileReference; lastKnownFileType = sourcecode.swift; path = "ScanData.swift"; sourceTree = "<group>"; };
    B60D1F93AC24758E /* ARScanView.swift */ = {isa = PBXFileReference; lastKnownFileType = sourcecode.swift; path = "ARScanView.swift"; sourceTree = "<group>"; };
    5A306F71DE9284BC /* WelcomeView.swift */ = {isa = PBXFileReference; lastKnownFileType = sourcecode.swift; path = "WelcomeView.swift"; sourceTree = "<group>"; };
    F06715A29834BECD /* ScanResultsView.swift */ = {isa = PBXFileReference; lastKnownFileType = sourcecode.swift; path = "ScanResultsView.swift"; sourceTree = "<group>"; };
    283BC796D50AE1F4 /* README.md */ = {isa = PBXFileReference; lastKnownFileType = text.markdown; path = "README.md"; sourceTree = "<group>"; };
    914B5302C6FA87ED /* FeatureDetector.swift */ = {isa = PBXFileReference; lastKnownFileType = sourcecode.swift; path = "FeatureDetector.swift"; sourceTree = "<group>"; };
    D07F136A42B5E89C /* FloorPlanGenerator.swift */ = {isa = PBXFileReference; lastKnownFileType = sourcecode.swift; path = "FloorPlanGenerator.swift"; sourceTree = "<group>"; };
    284EBA1F93D0C756 /* Extensions.swift */ = {isa = PBXFileReference; lastKnownFileType = sourcecode.swift; path = "Extensions.swift"; sourceTree = "<group>"; };
    17B82C356F40EA9D /* FloorPlanView.swift */ = {isa = PBXFileReference; lastKnownFileType = sourcecode.swift; path = "FloorPlanView.swift"; sourceTree = "<group>"; };
    7E4B53AD29106F8C /* ExportOptionsView.swift */ = {isa = PBXFileReference; lastKnownFileType = sourcecode.swift; path = "ExportOptionsView.swift"; sourceTree = "<group>"; };
    F6BC071549283ADE /* App.swift */ = {isa = PBXFileReference; lastKnownFileType = sourcecode.swift; path = "App.swift"; sourceTree = "<group>"; };
    30B5F9ADC74E1682 /* ScanningProgressView.swift */ = {isa = PBXFileReference; lastKnownFileType = sourcecode.swift; path = "ScanningProgressView.swift"; sourceTree = "<group>"; };
    10964E7C5ADF3B28 /* MeasurementCard.swift */ = {isa = PBXFileReference; lastKnownFileType = sourcecode.swift; path = "MeasurementCard.swift"; sourceTree = "<group>"; };
    32D6E10F5CB48A79 /* FeatureListView.swift */ = {isa = PBXFileReference; lastKnownFileType = sourcecode.swift; path = "FeatureListView.swift"; sourceTree = "<group>"; };
    0E5AB1CF2374D698 /* ScanningInstructionsView.swift */ = {isa = PBXFileReference; lastKnownFileType = sourcecode.swift; path = "ScanningInstructionsView.swift"; sourceTree = "<group>"; };
    4960FE8BA52D1C37 /* ErrorView.swift */ = {isa = PBXFileReference; lastKnownFileType = sourcecode.swift; path = "ErrorView.swift"; sourceTree = "<group>"; };
    7DB3A5F2418C690E /* CardStyle.swift */ = {isa = PBXFileReference; lastKnownFileType = sourcecode.swift; path = "CardStyle.swift"; sourceTree = "<group>"; };
    97B684D321CF5A0E /* codemagic.yaml */ = {isa = PBXFileReference; lastKnownFileType = text; path = "codemagic.yaml"; sourceTree = "<group>"; };
    0195FBA7ED6C2834 /* ScanDataStorage.swift */ = {isa = PBXFileReference; lastKnownFileType = sourcecode.swift; path = "ScanDataStorage.swift"; sourceTree = "<group>"; };
    0D89B351A4627CEF /* CM_PROVISIONING_PROFILE # Reference to your uploaded provisioning profile */ = {isa = PBXFileReference; lastKnownFileType = text; path = "CM_PROVISIONING_PROFILE # Reference to your uploaded provisioning profile"; sourceTree = "<group>"; };
    0CE8457129A63BFD /* ExportOptions.plist */ = {isa = PBXFileReference; lastKnownFileType = text.plist.xml; path = "ExportOptions.plist"; sourceTree = "<group>"; };
    CFA852197E40D36B /* codemagic-automatic.yaml */ = {isa = PBXFileReference; lastKnownFileType = text; path = "codemagic-automatic.yaml"; sourceTree = "<group>"; };
    72FEB3D519A8C406 /* ExportOptionsAutomatic.plist */ = {isa = PBXFileReference; lastKnownFileType = text.plist.xml; path = "ExportOptionsAutomatic.plist"; sourceTree = "<group>"; };
    3275F0DE81B9A46C /* Info.plist */ = {isa = PBXFileReference; lastKnownFileType = text.plist.xml; path = "Info.plist"; sourceTree = "<group>"; };
    321958C67A0EF4DB /* LiDARScannerWidget.swift */ = {isa = PBXFileReference; lastKnownFileType = sourcecode.swift; path = "LiDARScannerWidget.swift"; sourceTree = "<group>"; };
    03DE4B9C125F76A8 /* LiDARScannerWidgetBundle.swift */ = {isa = PBXFileReference; lastKnownFileType = sourcecode.swift; path = "LiDARScannerWidgetBundle.swift"; sourceTree = "<group>"; };
    01B4ED65FCA23987 /* WidgetConfiguration.json */ = {isa = PBXFileReference; lastKnownFileType = text.json; path = "WidgetConfiguration.json"; sourceTree = "<group>"; };
    21F905BC38A746ED /* WidgetDataManager.swift */ = {isa = PBXFileReference; lastKnownFileType = sourcecode.swift; path = "WidgetDataManager.swift"; sourceTree = "<group>"; };
    C29F348AED51706B /* Assets.xcassets */ = {isa = PBXFileReference; lastKnownFileType = folder.assetcatalog; path = "Assets.xcassets"; sourceTree = "<group>"; };
    D5ABF79483CE2610 /* WidgetViews.swift */ = {isa = PBXFileReference; lastKnownFileType = sourcecode.swift; path = "WidgetViews.swift"; sourceTree = "<group>"; };
    D758E9C10A4236FB /* WidgetComponents.swift */ = {isa = PBXFileReference; lastKnownFileType = sourcecode.swift; path = "WidgetComponents.swift"; sourceTree = "<group>"; };
    E52D98314FA07B6C /* URLSchemeHandler.swift */ = {isa = PBXFileReference; lastKnownFileType = sourcecode.swift; path = "URLSchemeHandler.swift"; sourceTree = "<group>"; };
    6109EF5D87C2B3A4 /* codemagic-setup-guide.md */ = {isa = PBXFileReference; lastKnownFileType = text.markdown; path = "codemagic-setup-guide.md"; sourceTree = "<group>"; };
    20B93F7A846EC51D /* codemagic-fixed.yaml */ = {isa = PBXFileReference; lastKnownFileType = text; path = "codemagic-fixed.yaml"; sourceTree = "<group>"; };
    01A298D34BCE567F /* AppStoreConnectSetup.json */ = {isa = PBXFileReference; lastKnownFileType = text.json; path = "AppStoreConnectSetup.json"; sourceTree = "<group>"; };
    FD91B5E8063C4A27 /* CodemagicSetupGuide.md */ = {isa = PBXFileReference; lastKnownFileType = text.markdown; path = "CodemagicSetupGuide.md"; sourceTree = "<group>"; };
    5237AF89CB1460DE /* BundleIDSetupGuide.md */ = {isa = PBXFileReference; lastKnownFileType = text.markdown; path = "BundleIDSetupGuide.md"; sourceTree = "<group>"; };
    F05B724DAC38E916 /* CodemagicTroubleshooting.json */ = {isa = PBXFileReference; lastKnownFileType = text.json; path = "CodemagicTroubleshooting.json"; sourceTree = "<group>"; };
    4680BEC51DF39A72 /* AppStoreConnectSetup.md */ = {isa = PBXFileReference; lastKnownFileType = text.markdown; path = "AppStoreConnectSetup.md"; sourceTree = "<group>"; };
    CBA9876543210DFE /* codemagic-custom-bundle.yaml */ = {isa = PBXFileReference; lastKnownFileType = text; path = "codemagic-custom-bundle.yaml"; sourceTree = "<group>"; };
    CA40159FD8732B6E /* codemagic-apple-sample.yaml */ = {isa = PBXFileReference; lastKnownFileType = text; path = "codemagic-apple-sample.yaml"; sourceTree = "<group>"; };
    1E2D3789564AC0FB /* DeveloperAccountCheck.json */ = {isa = PBXFileReference; lastKnownFileType = text.json; path = "DeveloperAccountCheck.json"; sourceTree = "<group>"; };
    B06978DCEA15423F /* CreateUseIphoneTests.swift */ = {isa = PBXFileReference; lastKnownFileType = sourcecode.swift; path = "CreateUseIphoneTests.swift"; sourceTree = "<group>"; };
    D2C8491B5F3AE706 /* CreateUseIphoneUITests.swift */ = {isa = PBXFileReference; lastKnownFileType = sourcecode.swift; path = "CreateUseIphoneUITests.swift"; sourceTree = "<group>"; };
    E8B3402D951C7FA6 /* CreateUseIphoneTests.xctest */ = {isa = PBXFileReference; explicitFileType = wrapper.cfbundle; includeInIndex = 0; path = "CreateUseIphoneTests.xctest"; sourceTree = BUILT_PRODUCTS_DIR; };
    B3825E471CD60AF9 /* CreateUseIphoneUITests.xctest */ = {isa = PBXFileReference; explicitFileType = wrapper.cfbundle; includeInIndex = 0; path = "CreateUseIphoneUITests.xctest"; sourceTree = BUILT_PRODUCTS_DIR; };
    ABF071D589E6C234 /* SwiftUI.framework */ = {isa = PBXFileReference; lastKnownFileType = wrapper.framework; name = SwiftUI.framework; path = System/Library/Frameworks/SwiftUI.framework; sourceTree = SDKROOT; };
    /* End PBXFileReference section */

    /* Begin PBXFrameworksBuildPhase section */
    7015FD3AC84BE296 /* Frameworks */ = {
      isa = PBXFrameworksBuildPhase;
      buildActionMask = 2147483647;
      files = (
        DA17932CB06854EF /* SwiftUI.framework in Frameworks */
      );
      runOnlyForDeploymentPostprocessing = 0;
    };
    8B2AF01C93D74E65 /* Frameworks */ = {
      isa = PBXFrameworksBuildPhase;
      buildActionMask = 2147483647;
      files = (
      );
      runOnlyForDeploymentPostprocessing = 0;
    };
    D32798504EF1A6BC /* Frameworks */ = {
      isa = PBXFrameworksBuildPhase;
      buildActionMask = 2147483647;
      files = (
      );
      runOnlyForDeploymentPostprocessing = 0;
    };
    /* End PBXFrameworksBuildPhase section */

    /* Begin PBXGroup section */
    061A8B5FE2C7D934 /* Main Group */ = {
      isa = PBXGroup;
      children = (
        38A0971654DCEF2B /* CreateUseIphone */,
        1E2BA8430569D7FC /* CreateUseIphoneTests */,
        CF57AB910486DE32 /* CreateUseIphoneUITests */,
        05E867134FB9C2DA /* Products */
      );
      sourceTree = "<group>";
    };
    38A0971654DCEF2B /* CreateUseIphone */ = {
      isa = PBXGroup;
      children = (
        01E2345A7BFCD689,
        15F30C9A682E4BD7,
        76FA54E38B291C0D,
        07E1D948325BF6AC,
        3A10C5D8E27B649F,
        0F61738ED42AC95B,
        73E5D84AF21B0C69,
        B60D1F93AC24758E,
        5A306F71DE9284BC,
        F06715A29834BECD,
        283BC796D50AE1F4,
        914B5302C6FA87ED,
        D07F136A42B5E89C,
        284EBA1F93D0C756,
        17B82C356F40EA9D,
        7E4B53AD29106F8C,
        F6BC071549283ADE,
        97B684D321CF5A0E,
        0195FBA7ED6C2834,
        0D89B351A4627CEF,
        0CE8457129A63BFD,
        CFA852197E40D36B,
        72FEB3D519A8C406,
        3275F0DE81B9A46C,
        E52D98314FA07B6C,
        6109EF5D87C2B3A4,
        20B93F7A846EC51D,
        FD91B5E8063C4A27,
        5237AF89CB1460DE,
        4680BEC51DF39A72,
        CBA9876543210DFE,
        CA40159FD8732B6E
      );
      path = "CreateUseIphone";
      sourceTree = "<group>";
    };
    
    01E2345A7BFCD689 /* Views */ = {
      isa = PBXGroup;
      children = (
        C35A40B9F1DE7628,
        30B5F9ADC74E1682,
        10964E7C5ADF3B28,
        32D6E10F5CB48A79,
        0E5AB1CF2374D698,
        4960FE8BA52D1C37
      );
      path = "Views";
      sourceTree = "<group>";
    };
    15F30C9A682E4BD7 /* ViewModifiers */ = {
      isa = PBXGroup;
      children = (
        7DB3A5F2418C690E
      );
      path = "ViewModifiers";
      sourceTree = "<group>";
    };
    76FA54E38B291C0D /* Widgets */ = {
      isa = PBXGroup;
      children = (
        321958C67A0EF4DB,
        03DE4B9C125F76A8,
        21F905BC38A746ED,
        D5ABF79483CE2610,
        D758E9C10A4236FB
      );
      path = "Widgets";
      sourceTree = "<group>";
    };
    07E1D948325BF6AC /* Resources */ = {
      isa = PBXGroup;
      children = (
        01B4ED65FCA23987,
        01A298D34BCE567F,
        F05B724DAC38E916,
        1E2D3789564AC0FB
      );
      path = "Resources";
      sourceTree = "<group>";
    };
    3A10C5D8E27B649F /* Assets */ = {
      isa = PBXGroup;
      children = (
        C29F348AED51706B
      );
      path = "Assets";
      sourceTree = "<group>";
    };
    1E2BA8430569D7FC /* CreateUseIphoneTests */ = {
      isa = PBXGroup;
      children = (
        B06978DCEA15423F /* CreateUseIphoneTests.swift */
      );
      path = "CreateUseIphoneTests";
      sourceTree = "<group>";
    };
    CF57AB910486DE32 /* CreateUseIphoneUITests */ = {
      isa = PBXGroup;
      children = (
        D2C8491B5F3AE706 /* CreateUseIphoneUITests.swift */
      );
      path = "CreateUseIphoneUITests";
      sourceTree = "<group>";
    };
    05E867134FB9C2DA /* Products */ = {
      isa = PBXGroup;
      children = (
        6EABF5873C02D419 /* CreateUseIphone.app */,
        E8B3402D951C7FA6 /* CreateUseIphoneTests.xctest */,
        B3825E471CD60AF9 /* CreateUseIphoneUITests.xctest */
      );
      name = Products;
      sourceTree = "<group>";
    };
    /* End PBXGroup section */

    /* Begin PBXNativeTarget section */
    53D6FE791C42AB08 /* CreateUseIphone */ = {
      isa = PBXNativeTarget;
      buildConfigurationList = A3E629B10485FD7C /* Build configuration list for PBXNativeTarget "CreateUseIphone" */;
      buildPhases = (
        06EB214C3DAF7859 /* Sources */,
        7015FD3AC84BE296 /* Frameworks */
      );
      buildRules = (
      );
      dependencies = (
      );
      name = "CreateUseIphone";
      productName = "CreateUseIphone";
      productReference = 6EABF5873C02D419 /* CreateUseIphone.app */;
      productType = "com.apple.product-type.application";
    };
    D305EB12487A6F9C /* CreateUseIphoneTests */ = {
      isa = PBXNativeTarget;
      buildConfigurationList = A5B09C871F2364DE /* Build configuration list for PBXNativeTarget "CreateUseIphoneTests" */;
      buildPhases = (
        32D78B9C641AF50E /* Sources */,
        8B2AF01C93D74E65 /* Frameworks */
      );
      buildRules = (
      );
      dependencies = (
        3FE81ABD7C064529 /* PBXTargetDependency */
      );
      name = "CreateUseIphoneTests";
      productName = "CreateUseIphoneTests";
      productReference = E8B3402D951C7FA6 /* CreateUseIphoneTests.xctest */;
      productType = "com.apple.product-type.bundle.unit-test";
    };
    413C78BA926E5F0D /* CreateUseIphoneUITests */ = {
      isa = PBXNativeTarget;
      buildConfigurationList = 1C36EF5D902AB487 /* Build configuration list for PBXNativeTarget "CreateUseIphoneUITests" */;
      buildPhases = (
        A7693D4CB802FE51 /* Sources */,
        D32798504EF1A6BC /* Frameworks */
      );
      buildRules = (
      );
      dependencies = (
        D031F95B4E7C2A86 /* PBXTargetDependency */
      );
      name = "CreateUseIphoneUITests";
      productName = "CreateUseIphoneUITests";
      productReference = B3825E471CD60AF9 /* CreateUseIphoneUITests.xctest */;
      productType = "com.apple.product-type.bundle.ui-testing";
    };
    /* End PBXNativeTarget section */

    /* Begin PBXProject section */
    6AEB7FC39821D405 /* Project object */ = {
      isa = PBXProject;
      attributes = {
        LastSwiftUpdateCheck = 1500;
        LastUpgradeCheck = 1500;
        TargetAttributes = {
          53D6FE791C42AB08 = {
            CreatedOnToolsVersion = 15.0;
          };
          D305EB12487A6F9C = {
            CreatedOnToolsVersion = 15.0;
            TestTargetID = 53D6FE791C42AB08;
          };
          413C78BA926E5F0D = {
            CreatedOnToolsVersion = 15.0;
            TestTargetID = 53D6FE791C42AB08;
          };
        };
      };
      buildConfigurationList = 146F37AC98BE02D5 /* Build configuration list for PBXProject "CreateUseIphone" */;
      compatibilityVersion = "Xcode 14.0";
      developmentRegion = en;
      hasScannedForEncodings = 0;
      knownRegions = (
        en,
        Base
      );
      mainGroup = 061A8B5FE2C7D934;
      productRefGroup = 05E867134FB9C2DA /* Products */;
      projectDirPath = "";
      projectRoot = "";
      targets = (
        53D6FE791C42AB08 /* CreateUseIphone */,
        D305EB12487A6F9C /* CreateUseIphoneTests */,
        413C78BA926E5F0D /* CreateUseIphoneUITests */
      );
    };
    /* End PBXProject section */

    /* Begin PBXSourcesBuildPhase section */
    06EB214C3DAF7859 /* Sources */ = {
      isa = PBXSourcesBuildPhase;
      buildActionMask = 2147483647;
      files = (
        8F4C631DA70EB952,
        F6580B41C9237EAD,
        13A208B74956EFDC,
        F6A49BD3257108CE,
        ECB3A07548126F9D,
        046A9FBD1C285E37,
        F81B574D29E306CA,
        C2F1958AE76B0D43,
        956438CB217F0DAE,
        79EB40CA68F1D235,
        37250C48ABF196ED,
        2614E78CD035B9AF,
        E5F2094CDB37A186,
        25DA83FEC714096B,
        62FD19780E35C4AB,
        7014DA9CF8526B3E,
        E73925CD6108AFB4,
        D10937AC425BF6E8,
        05C1326A4F987BDE,
        45FBAC82973D601E,
        A6BCF0ED18279435,
        2694B173CF5A08DE,
        93210BDA8F475EC6,
        34091BCA2F5DE786,
        EC1D065F9823A47B,
        BE43ACD16075928F,
        0E1CBD293A45678F,
        35BFA1D0CE674928,
        C62B08149DE73AF5,
        0D6E541B8C27F93A,
        0AE7649C3DB1852F,
        D6724C5AB309FE81,
        E43D1F589C706BA2,
        39EB2651AF7C084D,
        2B73C5410E6F9D8A,
        51F6927E08A3B4CD,
        3D2EF54BC8716A09,
        F29B1760AD54CE38,
        C0716B9D2E35A84F,
        901AC2D86F7B345E,
        CEA045F1D732B896,
        69405BCAD1782F3E,
        02A4EB63CF57D918,
        4EABC1208637FD95
      );
      runOnlyForDeploymentPostprocessing = 0;
    };
    32D78B9C641AF50E /* Sources */ = {
      isa = PBXSourcesBuildPhase;
      buildActionMask = 2147483647;
      files = (
        07B4C51689AD32EF /* CreateUseIphoneTests.swift in Sources */
      );
      runOnlyForDeploymentPostprocessing = 0;
    };
    A7693D4CB802FE51 /* Sources */ = {
      isa = PBXSourcesBuildPhase;
      buildActionMask = 2147483647;
      files = (
        F45C3261B097AE8D /* CreateUseIphoneUITests.swift in Sources */
      );
      runOnlyForDeploymentPostprocessing = 0;
    };
    /* End PBXSourcesBuildPhase section */

    /* Begin PBXContainerItemProxy section */
    47CFE60918A325DB /* PBXContainerItemProxy */ = {
      isa = PBXContainerItemProxy;
      containerPortal = 6AEB7FC39821D405 /* Project object */;
      proxyType = 1;
      remoteGlobalIDString = 53D6FE791C42AB08;
      remoteInfo = "CreateUseIphone";
    };
    47F251A93EB6C0D8 /* PBXContainerItemProxy */ = {
      isa = PBXContainerItemProxy;
      containerPortal = 6AEB7FC39821D405 /* Project object */;
      proxyType = 1;
      remoteGlobalIDString = 53D6FE791C42AB08;
      remoteInfo = "CreateUseIphone";
    };
    /* End PBXContainerItemProxy section */

    /* Begin PBXTargetDependency section */
    3FE81ABD7C064529 /* PBXTargetDependency */ = {
      isa = PBXTargetDependency;
      target = 53D6FE791C42AB08 /* CreateUseIphone */;
      targetProxy = 47CFE60918A325DB /* PBXContainerItemProxy */;
    };
    D031F95B4E7C2A86 /* PBXTargetDependency */ = {
      isa = PBXTargetDependency;
      target = 53D6FE791C42AB08 /* CreateUseIphone */;
      targetProxy = 47F251A93EB6C0D8 /* PBXContainerItemProxy */;
    };
    /* End PBXTargetDependency section */

    /* Begin XCBuildConfiguration section */
    2E9C764BA013F5D8 /* Debug */ = {
      isa = XCBuildConfiguration;
      buildSettings = {
        ALWAYS_SEARCH_USER_PATHS = NO;
        ASSETCATALOG_COMPILER_APPICON_NAME = AppIcon;
        ASSETCATALOG_COMPILER_GLOBAL_ACCENT_COLOR_NAME = AccentColor;
        CLANG_ANALYZER_NONNULL = YES;
        CLANG_ANALYZER_NUMBER_OBJECT_CONVERSION = YES_AGGRESSIVE;
        CLANG_CXX_LANGUAGE_STANDARD = "gnu++20";
        CLANG_ENABLE_MODULES = YES;
        CLANG_ENABLE_OBJC_ARC = YES;
        CLANG_ENABLE_OBJC_WEAK = YES;
        CODE_SIGN_STYLE = Automatic;
        CURRENT_PROJECT_VERSION = 1;
        DEVELOPMENT_ASSET_PATHS = "";
        DEVELOPMENT_TEAM = "";
        ENABLE_PREVIEWS = YES;
        ENABLE_STRICT_OBJC_MSGSEND = YES;
        ENABLE_TESTABILITY = YES;
        FRAMEWORK_SEARCH_PATHS = (
          "$(inherited)",
          "$(SDKROOT)/System/Library/Frameworks"
        );
        GCC_C_LANGUAGE_STANDARD = gnu11;
        GCC_DYNAMIC_NO_PIC = NO;
        GCC_NO_COMMON_BLOCKS = YES;
        GCC_OPTIMIZATION_LEVEL = 0;
        GCC_PREPROCESSOR_DEFINITIONS = (
          "DEBUG=1",
          "$(inherited)",
        );
        GENERATE_INFOPLIST_FILE = YES;
        INFOPLIST_KEY_UIApplicationSceneManifest_Generation = YES;
        INFOPLIST_KEY_UILaunchScreen_Generation = YES;
        IPHONEOS_DEPLOYMENT_TARGET = 15.0;
        LD_RUNPATH_SEARCH_PATHS = (
          "$(inherited)",
          "@executable_path/Frameworks",
        );
        MARKETING_VERSION = 1.0;
        MTL_ENABLE_DEBUG_INFO = INCLUDE_SOURCE;
        MTL_FAST_MATH = YES;
        ONLY_ACTIVE_ARCH = YES;
        PRODUCT_BUNDLE_IDENTIFIER = "com.example.createuseiphone";
        PRODUCT_NAME = "$(TARGET_NAME)";
        SDKROOT = iphoneos;
        SUPPORTED_PLATFORMS = "iphoneos iphonesimulator";
        SUPPORTS_MACCATALYST = NO;
        SUPPORTS_MAC_DESIGNED_FOR_IPHONE_IPAD = NO;
        SWIFT_ACTIVE_COMPILATION_CONDITIONS = DEBUG;
        SWIFT_EMIT_LOC_STRINGS = YES;
        SWIFT_OPTIMIZATION_LEVEL = "-Onone";
        SWIFT_VERSION = 5.0;
        TARGETED_DEVICE_FAMILY = "1,2";
      };
      name = Debug;
    };
    BC307614D982EFA5 /* Release */ = {
      isa = XCBuildConfiguration;
      buildSettings = {
        ALWAYS_SEARCH_USER_PATHS = NO;
        ASSETCATALOG_COMPILER_APPICON_NAME = AppIcon;
        ASSETCATALOG_COMPILER_GLOBAL_ACCENT_COLOR_NAME = AccentColor;
        CLANG_ANALYZER_NONNULL = YES;
        CLANG_ANALYZER_NUMBER_OBJECT_CONVERSION = YES_AGGRESSIVE;
        CLANG_CXX_LANGUAGE_STANDARD = "gnu++20";
        CLANG_ENABLE_MODULES = YES;
        CLANG_ENABLE_OBJC_ARC = YES;
        CLANG_ENABLE_OBJC_WEAK = YES;
        CODE_SIGN_STYLE = Automatic;
        COPY_PHASE_STRIP = NO;
        CURRENT_PROJECT_VERSION = 1;
        DEVELOPMENT_ASSET_PATHS = "";
        DEVELOPMENT_TEAM = "";
        ENABLE_NS_ASSERTIONS = NO;
        ENABLE_PREVIEWS = YES;
        ENABLE_STRICT_OBJC_MSGSEND = YES;
        FRAMEWORK_SEARCH_PATHS = (
          "$(inherited)",
          "$(SDKROOT)/System/Library/Frameworks"
        );
        GCC_C_LANGUAGE_STANDARD = gnu11;
        GCC_NO_COMMON_BLOCKS = YES;
        GENERATE_INFOPLIST_FILE = YES;
        INFOPLIST_KEY_UIApplicationSceneManifest_Generation = YES;
        INFOPLIST_KEY_UILaunchScreen_Generation = YES;
        IPHONEOS_DEPLOYMENT_TARGET = 15.0;
        LD_RUNPATH_SEARCH_PATHS = (
          "$(inherited)",
          "@executable_path/Frameworks",
        );
        MARKETING_VERSION = 1.0;
        MTL_ENABLE_DEBUG_INFO = NO;
        MTL_FAST_MATH = YES;
        PRODUCT_BUNDLE_IDENTIFIER = "com.example.createuseiphone";
        PRODUCT_NAME = "$(TARGET_NAME)";
        SDKROOT = iphoneos;
        SUPPORTED_PLATFORMS = "iphoneos iphonesimulator";
        SUPPORTS_MACCATALYST = NO;
        SUPPORTS_MAC_DESIGNED_FOR_IPHONE_IPAD = NO;
        SWIFT_COMPILATION_MODE = wholemodule;
        SWIFT_EMIT_LOC_STRINGS = YES;
        SWIFT_OPTIMIZATION_LEVEL = "-O";
        SWIFT_VERSION = 5.0;
        TARGETED_DEVICE_FAMILY = "1,2";
        VALIDATE_PRODUCT = YES;
      };
      name = Release;
    };
    4A9325D106C78EBF /* Debug */ = {
      isa = XCBuildConfiguration;
      buildSettings = {
        BUNDLE_LOADER = "$(TEST_HOST)";
        CODE_SIGN_STYLE = Automatic;
        CURRENT_PROJECT_VERSION = 1;
        GENERATE_INFOPLIST_FILE = YES;
        IPHONEOS_DEPLOYMENT_TARGET = 15.0;
        MARKETING_VERSION = 1.0;
        PRODUCT_BUNDLE_IDENTIFIER = "com.example.createuseiphone.Tests";
        PRODUCT_NAME = "$(TARGET_NAME)";
        SDKROOT = iphoneos;
        SUPPORTED_PLATFORMS = "iphoneos iphonesimulator";
        SUPPORTS_MACCATALYST = NO;
        SUPPORTS_MAC_DESIGNED_FOR_IPHONE_IPAD = NO;
        SWIFT_EMIT_LOC_STRINGS = NO;
        SWIFT_VERSION = 5.0;
        TARGETED_DEVICE_FAMILY = "1,2";
        TEST_HOST = "$(BUILT_PRODUCTS_DIR)/CreateUseIphone.app/$(BUNDLE_EXECUTABLE_FOLDER_PATH)/CreateUseIphone";
      };
      name = Debug;
    };
    06D1A98C2534FB7E /* Release */ = {
      isa = XCBuildConfiguration;
      buildSettings = {
        BUNDLE_LOADER = "$(TEST_HOST)";
        CODE_SIGN_STYLE = Automatic;
        CURRENT_PROJECT_VERSION = 1;
        GENERATE_INFOPLIST_FILE = YES;
        IPHONEOS_DEPLOYMENT_TARGET = 15.0;
        MARKETING_VERSION = 1.0;
        PRODUCT_BUNDLE_IDENTIFIER = "com.example.createuseiphone.Tests";
        PRODUCT_NAME = "$(TARGET_NAME)";
        SDKROOT = iphoneos;
        SUPPORTED_PLATFORMS = "iphoneos iphonesimulator";
        SUPPORTS_MACCATALYST = NO;
        SUPPORTS_MAC_DESIGNED_FOR_IPHONE_IPAD = NO;
        SWIFT_EMIT_LOC_STRINGS = NO;
        SWIFT_VERSION = 5.0;
        TARGETED_DEVICE_FAMILY = "1,2";
        TEST_HOST = "$(BUILT_PRODUCTS_DIR)/CreateUseIphone.app/$(BUNDLE_EXECUTABLE_FOLDER_PATH)/CreateUseIphone";
        VALIDATE_PRODUCT = YES;
      };
      name = Release;
    };
    6E8CFA54B321079D /* Debug */ = {
      isa = XCBuildConfiguration;
      buildSettings = {
        CODE_SIGN_STYLE = Automatic;
        CURRENT_PROJECT_VERSION = 1;
        GENERATE_INFOPLIST_FILE = YES;
        MARKETING_VERSION = 1.0;
        PRODUCT_BUNDLE_IDENTIFIER = "com.example.createuseiphone.UITests";
        PRODUCT_NAME = "$(TARGET_NAME)";
        SDKROOT = iphoneos;
        SUPPORTED_PLATFORMS = "iphoneos iphonesimulator";
        SUPPORTS_MACCATALYST = NO;
        SUPPORTS_MAC_DESIGNED_FOR_IPHONE_IPAD = NO;
        SWIFT_EMIT_LOC_STRINGS = NO;
        SWIFT_VERSION = 5.0;
        TARGETED_DEVICE_FAMILY = "1,2";
        TEST_TARGET_NAME = CreateUseIphone;
      };
      name = Debug;
    };
    43ED621B95C7FA80 /* Release */ = {
      isa = XCBuildConfiguration;
      buildSettings = {
        CODE_SIGN_STYLE = Automatic;
        CURRENT_PROJECT_VERSION = 1;
        GENERATE_INFOPLIST_FILE = YES;
        MARKETING_VERSION = 1.0;
        PRODUCT_BUNDLE_IDENTIFIER = "com.example.createuseiphone.UITests";
        PRODUCT_NAME = "$(TARGET_NAME)";
        SDKROOT = iphoneos;
        SUPPORTED_PLATFORMS = "iphoneos iphonesimulator";
        SUPPORTS_MACCATALYST = NO;
        SUPPORTS_MAC_DESIGNED_FOR_IPHONE_IPAD = NO;
        SWIFT_EMIT_LOC_STRINGS = NO;
        SWIFT_VERSION = 5.0;
        TARGETED_DEVICE_FAMILY = "1,2";
        TEST_TARGET_NAME = CreateUseIphone;
        VALIDATE_PRODUCT = YES;
      };
      name = Release;
    };
    /* End XCBuildConfiguration section */

    /* Begin XCConfigurationList section */
    146F37AC98BE02D5 /* Build configuration list for PBXProject "CreateUseIphone" */ = {
      isa = XCConfigurationList;
      buildConfigurations = (
        2E9C764BA013F5D8 /* Debug */,
        BC307614D982EFA5 /* Release */
      );
      defaultConfigurationIsVisible = 0;
      defaultConfigurationName = Release;
    };
    A3E629B10485FD7C /* Build configuration list for PBXNativeTarget "CreateUseIphone" */ = {
      isa = XCConfigurationList;
      buildConfigurations = (
        2E9C764BA013F5D8 /* Debug */,
        BC307614D982EFA5 /* Release */
      );
      defaultConfigurationIsVisible = 0;
      defaultConfigurationName = Release;
    };
    A5B09C871F2364DE /* Build configuration list for PBXNativeTarget "CreateUseIphoneTests" */ = {
      isa = XCConfigurationList;
      buildConfigurations = (
        4A9325D106C78EBF /* Debug */,
        06D1A98C2534FB7E /* Release */
      );
      defaultConfigurationIsVisible = 0;
      defaultConfigurationName = Release;
    };
    1C36EF5D902AB487 /* Build configuration list for PBXNativeTarget "CreateUseIphoneUITests" */ = {
      isa = XCConfigurationList;
      buildConfigurations = (
        6E8CFA54B321079D /* Debug */,
        43ED621B95C7FA80 /* Release */
      );
      defaultConfigurationIsVisible = 0;
      defaultConfigurationName = Release;
    };
    /* End XCConfigurationList section */

  };
  rootObject = 6AEB7FC39821D405 /* Project object */;
}
