// !$*UTF8*$!
{
  archiveVersion = 1; classes = {}; objectVersion = 56;
  objects = {
    F1 = {isa = PBXFileReference; lastKnownFileType = sourcecode.swift; path = App.swift; sourceTree = "<group>"; };
    F2 = {isa = PBXFileReference; lastKnownFileType = sourcecode.swift; path = HomeView.swift; sourceTree = "<group>"; };
    F3 = {isa = PBXFileReference; lastKnownFileType = sourcecode.swift; path = OnboardingView.swift; sourceTree = "<group>"; };
    F4 = {isa = PBXFileReference; lastKnownFileType = sourcecode.swift; path = Settings.swift; sourceTree = "<group>"; };
    F5 = {isa = PBXFileReference; lastKnownFileType = sourcecode.swift; path = AboutView.swift; sourceTree = "<group>"; };
    F6 = {isa = PBXFileReference; lastKnownFileType = sourcecode.swift; path = ScannerGatewayView.swift; sourceTree = "<group>"; };
    F7 = {isa = PBXFileReference; lastKnownFileType = sourcecode.swift; path = RoomPlanScannerView.swift; sourceTree = "<group>"; };
    F8 = {isa = PBXFileReference; lastKnownFileType = sourcecode.swift; path = Models.swift; sourceTree = "<group>"; };
    F9 = {isa = PBXFileReference; lastKnownFileType = sourcecode.swift; path = Converter.swift; sourceTree = "<group>"; };
    F10 = {isa = PBXFileReference; lastKnownFileType = sourcecode.swift; path = EditorViews.swift; sourceTree = "<group>"; };
    F11 = {isa = PBXFileReference; lastKnownFileType = sourcecode.swift; path = Exporters.swift; sourceTree = "<group>"; };
    F12 = {isa = PBXFileReference; lastKnownFileType = sourcecode.swift; path = Store.swift; sourceTree = "<group>"; };
    A1 = {isa = PBXFileReference; lastKnownFileType = folder.assetcatalog; path = Assets.xcassets; sourceTree = "<group>"; };
    P1 = {isa = PBXFileReference; lastKnownFileType = text.plist.xml; path = Info.plist; sourceTree = "<group>"; };

    B1 = {isa = PBXBuildFile; fileRef = F1; };  B2 = {isa = PBXBuildFile; fileRef = F2; };
    B3 = {isa = PBXBuildFile; fileRef = F3; };  B4 = {isa = PBXBuildFile; fileRef = F4; };
    B5 = {isa = PBXBuildFile; fileRef = F5; };  B6 = {isa = PBXBuildFile; fileRef = F6; };
    B7 = {isa = PBXBuildFile; fileRef = F7; };  B8 = {isa = PBXBuildFile; fileRef = F8; };
    B9 = {isa = PBXBuildFile; fileRef = F9; };  B10 = {isa = PBXBuildFile; fileRef = F10; };
    B11 = {isa = PBXBuildFile; fileRef = F11; }; B12 = {isa = PBXBuildFile; fileRef = F12; };
    B13 = {isa = PBXBuildFile; fileRef = A1; };

    G0 = {isa = PBXGroup; children = (G1, G2); sourceTree = "<group>"; };
    G1 = {isa = PBXGroup; children = (F1,F2,F3,F4,F5,F6,F7,F8,F9,F10,F11,F12,A1,P1); path = CreateUseIphone; sourceTree = "<group>"; };
    G2 = {isa = PBXGroup; children = (PR1); name = Products; sourceTree = "<group>"; };

    PR1 = {isa = PBXFileReference; explicitFileType = wrapper.application; path = CreateUseIphone.app; sourceTree = BUILT_PRODUCTS_DIR; };

    SP1 = {isa = PBXSourcesBuildPhase; files = (B1,B2,B3,B4,B5,B6,B7,B8,B9,B10,B11,B12); };
    FP1 = {isa = PBXFrameworksBuildPhase; files = (); };
    RP1 = {isa = PBXResourcesBuildPhase; files = (B13); };

    T1 = {isa = PBXNativeTarget; buildConfigurationList = CL1; buildPhases = (SP1,FP1,RP1); name = CreateUseIphone; productName = CreateUseIphone; productReference = PR1; productType = "com.apple.product-type.application"; };

    PJ = {isa = PBXProject; attributes = { LastUpgradeCheck = 1600; ORGANIZATIONNAME = "AlexieApps"; }; buildConfigurationList = CL0; compatibilityVersion = "Xcode 16.0"; mainGroup = G0; productRefGroup = G2; targets = (T1); };

    CDBG = {isa = XCBuildConfiguration; name = Debug; buildSettings = { PRODUCT_BUNDLE_IDENTIFIER = com.codemagic.lidarroomscanner; INFOPLIST_FILE = CreateUseIphone/Info.plist; IPHONEOS_DEPLOYMENT_TARGET = 15.0; SWIFT_VERSION = 5.0; TARGETED_DEVICE_FAMILY = "1,2"; LD_RUNPATH_SEARCH_PATHS = ("$(inherited)","@executable_path/Frameworks"); ALWAYS_SEARCH_USER_PATHS = NO; PRODUCT_NAME = "CreateUseIphone"; }; };
    CREL = {isa = XCBuildConfiguration; name = Release; buildSettings = { PRODUCT_BUNDLE_IDENTIFIER = com.codemagic.lidarroomscanner; INFOPLIST_FILE = CreateUseIphone/Info.plist; IPHONEOS_DEPLOYMENT_TARGET = 15.0; SWIFT_VERSION = 5.0; TARGETED_DEVICE_FAMILY = "1,2"; LD_RUNPATH_SEARCH_PATHS = ("$(inherited)","@executable_path/Frameworks"); ALWAYS_SEARCH_USER_PATHS = NO; PRODUCT_NAME = "CreateUseIphone"; }; };
    CL0 = {isa = XCConfigurationList; buildConfigurations = (CDBG, CREL); defaultConfigurationName = Release; };
    CL1 = {isa = XCConfigurationList; buildConfigurations = (CDBG, CREL); defaultConfigurationName = Release; };
  };
  rootObject = PJ;
}
